
Microsoft Visual Studio Solution File, Format Version 12.00
# Visual Studio Version 16
VisualStudioVersion = 16.0.31424.327
MinimumVisualStudioVersion = 10.0.40219.1
Project("{FAE04EC0-301F-11D3-BF4B-00C04F79EFBC}") = "regex", "regex\regex.csproj", "{84DFF3F8-74FE-4184-B36A-DA920620A1D2}"
EndProject
Global
	GlobalSection(SolutionConfigurationPlatforms) = preSolution
		Debug|Any CPU = Debug|Any CPU
		Release|Any CPU = Release|Any CPU
	EndGlobalSection
	GlobalSection(ProjectConfigurationPlatforms) = postSolution
		{84DFF3F8-74FE-4184-B36A-DA920620A1D2}.Debug|Any CPU.ActiveCfg = Debug|Any CPU
		{84DFF3F8-74FE-4184-B36A-DA920620A1D2}.Debug|Any CPU.Build.0 = Debug|Any CPU
		{84DFF3F8-74FE-4184-B36A-DA920620A1D2}.Release|Any CPU.ActiveCfg = Release|Any CPU
		{84DFF3F8-74FE-4184-B36A-DA920620A1D2}.Release|Any CPU.Build.0 = Release|Any CPU
	EndGlobalSection
	GlobalSection(SolutionProperties) = preSolution
		HideSolutionNode = FALSE
	EndGlobalSection
	GlobalSection(ExtensibilityGlobals) = postSolution
		SolutionGuid = {71801213-AA26-4C17-829B-3CA3F1793E2B}
	EndGlobalSection
EndGlobal
